{
  "lockfile_version": "1",
  "packages": {
    "github:NixOS/nixpkgs/nixpkgs-unstable": {
      "last_modified": "2026-08-14T15:04:01Z",
      "resolved": "github:NixOS/nixpkgs/8be7bd0c83f12e2e3bbba07c9044d6fed9e66f7f?lastModified=1786719841&narHash=sha256-QcpQOT0NQEFkI77t%2BYXPZqDJc35iIodG7zinieOwFUg%3D"
    },
    "helm@0.9.0": {
      "last_modified": "2026-08-01T16:34:20Z",
      "resolved": "github:NixOS/nixpkgs/a5cbcfe954791221bfffe2307f7d1a1bf61a871e#helm",
      "source": "devbox-search",
      "version": "0.9.0",
      "systems": {
        "aarch64-linux": {
          "outputs": [
            {
              "name": "out",
              "path": "/nix/store/1fqg19q6k5067s3p2gxfyqg8cw2cgzd5-helm-0.9.0",
              "default": true
            }
          ],
          "store_path": "/nix/store/1fqg19q6k5067s3p2gxfyqg8cw2cgzd5-helm-0.9.0"
        },
        "x86_64-linux": {
          "outputs": [
            {
              "name": "out",
              "path": "/nix/store/jd52mh1q115hqllc40yj1bi5fcwq0x84-helm-0.9.0",
              "default": true
            }
          ],
          "store_path": "/nix/store/jd52mh1q115hqllc40yj1bi5fcwq0x84-helm-0.9.0"
        }
      }
    },
    "kubectl@1.36.3": {
      "last_modified": "2026-08-01T16:34:20Z",
      "resolved": "github:NixOS/nixpkgs/a5cbcfe954791221bfffe2307f7d1a1bf61a871e#kubectl",
      "source": "devbox-search",
      "version": "1.36.3",
      "systems": {
        "aarch64-darwin": {
          "outputs": [
            {
              "name": "out",
              "path": "/nix/store/3qb9nx5p60da5mxgpqykdgmr5yy63b25-kubectl-1.36.3",
              "default": true
            },
            {
              "name": "man",
              "path": "/nix/store/d5nh9pwixcm9672rhqwy655k9i2a26lp-kubectl-1.36.3-man",
              "default": true
            },
            {
              "name": "convert",
              "path": "/nix/store/yzb59f5y4qhra438w2lma11svrl58j9w-kubectl-1.36.3-convert"
            }
          ],
          "store_path": "/nix/store/3qb9nx5p60da5mxgpqykdgmr5yy63b25-kubectl-1.36.3"
        },
        "aarch64-linux": {
          "outputs": [
            {
              "name": "out",
              "path": "/nix/store/hrvl2jwvk4n983cm0pznqqq1wngkz5wi-kubectl-1.36.3",
              "default": true
            },
            {
              "name": "man",
              "path": "/nix/store/c2pj3axay86cxhmi9fmxd5g0rm7cpxb9-kubectl-1.36.3-man",
              "default": true
            },
            {
              "name": "convert",
              "path": "/nix/store/mj3q2rip56ykf0amhi5qldmpzmcwhl7s-kubectl-1.36.3-convert"
            }
          ],
          "store_path": "/nix/store/hrvl2jwvk4n983cm0pznqqq1wngkz5wi-kubectl-1.36.3"
        },
        "x86_64-linux": {
          "outputs": [
            {
              "name": "out",
              "path": "/nix/store/gr13vsi0xrrw3y6fpyrk2kgmkidpqrm9-kubectl-1.36.3",
              "default": true
            },
            {
              "name": "man",
              "path": "/nix/store/1yn762n6qnzpbrvmrz4qh1fd3gphg78z-kubectl-1.36.3-man",
              "default": true
            },
            {
              "name": "convert",
              "path": "/nix/store/xm69shzq95d044c87296rjfsq6a9fi3d-kubectl-1.36.3-convert"
            }
          ],
          "store_path": "/nix/store/gr13vsi0xrrw3y6fpyrk2kgmkidpqrm9-kubectl-1.36.3"
        }
      }
    },
    "terraform@1.15.8": {
      "last_modified": "2026-08-01T16:34:20Z",
      "resolved": "github:NixOS/nixpkgs/a5cbcfe954791221bfffe2307f7d1a1bf61a871e#terraform",
      "source": "devbox-search",
      "version": "1.15.8",
      "systems": {
        "aarch64-darwin": {
          "outputs": [
            {
              "name": "out",
              "path": "/nix/store/zadj9gfykqnrv64v3vk2krf0i53r4s11-terraform-1.15.8",
              "default": true
            }
          ],
          "store_path": "/nix/store/zadj9gfykqnrv64v3vk2krf0i53r4s11-terraform-1.15.8"
        },
        "aarch64-linux": {
          "outputs": [
            {
              "name": "out",
              "path": "/nix/store/vi095xlgsgi7xsd79l49l27mlzx5wny4-terraform-1.15.8",
              "default": true
            }
          ],
          "store_path": "/nix/store/vi095xlgsgi7xsd79l49l27mlzx5wny4-terraform-1.15.8"
        },
        "x86_64-linux": {
          "outputs": [
            {
              "name": "out",
              "path": "/nix/store/q20n31gwj6ila5lzmsbxgxi103z21xx5-terraform-1.15.8",
              "default": true
            }
          ],
          "store_path": "/nix/store/q20n31gwj6ila5lzmsbxgxi103z21xx5-terraform-1.15.8"
        }
      }
    }
  }
}
