{
  "lockfile_version": "1",
  "packages": {
    "awscli2@2.35.11": {
      "last_modified": "2026-07-11T07:21:12Z",
      "resolved": "github:NixOS/nixpkgs/770b9bbb84018993c8f009d437fff6c2e3077037#awscli2",
      "source": "devbox-search",
      "version": "2.35.11",
      "systems": {
        "aarch64-darwin": {
          "outputs": [
            {
              "name": "out",
              "path": "/nix/store/q4bhxkfld2gnssbh2km26gpa8kldzkvg-awscli2-2.35.11",
              "default": true
            },
            {
              "name": "dist",
              "path": "/nix/store/ydpjq71ib50w5pg4nwanjvcsmykqrwba-awscli2-2.35.11-dist"
            }
          ],
          "store_path": "/nix/store/q4bhxkfld2gnssbh2km26gpa8kldzkvg-awscli2-2.35.11"
        },
        "aarch64-linux": {
          "outputs": [
            {
              "name": "out",
              "path": "/nix/store/521r8335d0wwxyvga3nacpfd20sbqjp7-awscli2-2.35.11",
              "default": true
            },
            {
              "name": "dist",
              "path": "/nix/store/n88a3zvhbym5s37ghfvdg0ib3mhc5pbd-awscli2-2.35.11-dist"
            }
          ],
          "store_path": "/nix/store/521r8335d0wwxyvga3nacpfd20sbqjp7-awscli2-2.35.11"
        },
        "x86_64-linux": {
          "outputs": [
            {
              "name": "out",
              "path": "/nix/store/jvkhaq9ppwhyj06sxplpv3cb8jqxm23w-awscli2-2.35.11",
              "default": true
            },
            {
              "name": "dist",
              "path": "/nix/store/7fx0v7bvwz9vhb75sc82vws10vnaaa6f-awscli2-2.35.11-dist"
            }
          ],
          "store_path": "/nix/store/jvkhaq9ppwhyj06sxplpv3cb8jqxm23w-awscli2-2.35.11"
        }
      }
    },
    "github:NixOS/nixpkgs/nixpkgs-unstable": {
      "last_modified": "2026-06-23T00:43:55Z",
      "resolved": "github:NixOS/nixpkgs/89570f24e97e614aa34aa9ab1c927b6578a43775?lastModified=1782175435&narHash=sha256-EMzXKmnOtBQ2MnvpiNOm7E%2BkOMvdPrIKaeg52Tip2Uk%3D"
    },
    "helm@0.9.0": {
      "last_modified": "2026-05-21T08:15:18Z",
      "resolved": "github:NixOS/nixpkgs/4a29d733e8a7d5b824c3d8c958a946a9867b3eb2#helm",
      "source": "devbox-search",
      "version": "0.9.0",
      "systems": {
        "aarch64-linux": {
          "outputs": [
            {
              "name": "out",
              "path": "/nix/store/vbcgk7iswlg02n33jsxscrm8jjaksczn-helm-0.9.0",
              "default": true
            }
          ],
          "store_path": "/nix/store/vbcgk7iswlg02n33jsxscrm8jjaksczn-helm-0.9.0"
        },
        "x86_64-linux": {
          "outputs": [
            {
              "name": "out",
              "path": "/nix/store/21ysjpyqfaxzdsxsgydxvv7b42qf446l-helm-0.9.0",
              "default": true
            }
          ],
          "store_path": "/nix/store/21ysjpyqfaxzdsxsgydxvv7b42qf446l-helm-0.9.0"
        }
      }
    },
    "kubectl@1.36.2": {
      "last_modified": "2026-06-22T09:00:13Z",
      "resolved": "github:NixOS/nixpkgs/b3c092d3c36d91e2f61f3dfb39a159f180a56659#kubectl",
      "source": "devbox-search",
      "version": "1.36.2",
      "systems": {
        "aarch64-darwin": {
          "outputs": [
            {
              "name": "out",
              "path": "/nix/store/1cxmcb2w5f9kbkj3wwqwffdc9b465f9d-kubectl-1.36.2",
              "default": true
            },
            {
              "name": "man",
              "path": "/nix/store/v294pmbzdql9pcaxy4jmfyxwbgj6hadh-kubectl-1.36.2-man",
              "default": true
            },
            {
              "name": "convert",
              "path": "/nix/store/f5czf8hdsgsa7vamshmb9ra51kjl4l2k-kubectl-1.36.2-convert"
            }
          ],
          "store_path": "/nix/store/1cxmcb2w5f9kbkj3wwqwffdc9b465f9d-kubectl-1.36.2"
        },
        "aarch64-linux": {
          "outputs": [
            {
              "name": "out",
              "path": "/nix/store/5i3ff29j39zv6q35v9qsyg3sprkh98pz-kubectl-1.36.2",
              "default": true
            },
            {
              "name": "man",
              "path": "/nix/store/80cjy804kardx5nyz473627xrrmxdls1-kubectl-1.36.2-man",
              "default": true
            },
            {
              "name": "convert",
              "path": "/nix/store/21lk66bwp5196ykj9wznrbzjxa0y4f2p-kubectl-1.36.2-convert"
            }
          ],
          "store_path": "/nix/store/5i3ff29j39zv6q35v9qsyg3sprkh98pz-kubectl-1.36.2"
        },
        "x86_64-darwin": {
          "outputs": [
            {
              "name": "out",
              "path": "/nix/store/005n0l430bxscjczsghibqddi6qxa708-kubectl-1.36.2",
              "default": true
            },
            {
              "name": "man",
              "path": "/nix/store/alf534psrhjkhlcrd8aba2l1z0ss62lp-kubectl-1.36.2-man",
              "default": true
            },
            {
              "name": "convert",
              "path": "/nix/store/qdpghfw2zqg7yhhpbrc5jgxkxr0flrgd-kubectl-1.36.2-convert"
            }
          ],
          "store_path": "/nix/store/005n0l430bxscjczsghibqddi6qxa708-kubectl-1.36.2"
        },
        "x86_64-linux": {
          "outputs": [
            {
              "name": "out",
              "path": "/nix/store/bhc1p77g2kpmm82s17i68573krh20h6c-kubectl-1.36.2",
              "default": true
            },
            {
              "name": "man",
              "path": "/nix/store/h71pvs4878i8fc191rl5hgqlph2csczc-kubectl-1.36.2-man",
              "default": true
            },
            {
              "name": "convert",
              "path": "/nix/store/jsca2ld5cdk69z21ry6zqiip4whpxrz1-kubectl-1.36.2-convert"
            }
          ],
          "store_path": "/nix/store/bhc1p77g2kpmm82s17i68573krh20h6c-kubectl-1.36.2"
        }
      }
    },
    "terraform@1.15.8": {
      "last_modified": "2026-07-09T04:39:57Z",
      "resolved": "github:NixOS/nixpkgs/80bd90efcad203e11e2c13e968c82a0ce2db3a2e#terraform",
      "source": "devbox-search",
      "version": "1.15.8",
      "systems": {
        "aarch64-darwin": {
          "outputs": [
            {
              "name": "out",
              "path": "/nix/store/ab67lcr5rrkr8c9rmv2xp9gzsngfrd4s-terraform-1.15.8",
              "default": true
            }
          ],
          "store_path": "/nix/store/ab67lcr5rrkr8c9rmv2xp9gzsngfrd4s-terraform-1.15.8"
        },
        "aarch64-linux": {
          "outputs": [
            {
              "name": "out",
              "path": "/nix/store/4czn7p8gk6m6z94cdynx2w9kgb1b0hyl-terraform-1.15.8",
              "default": true
            }
          ],
          "store_path": "/nix/store/4czn7p8gk6m6z94cdynx2w9kgb1b0hyl-terraform-1.15.8"
        },
        "x86_64-linux": {
          "outputs": [
            {
              "name": "out",
              "path": "/nix/store/vc2im345qlr9crvb7wl7a6xcca49jlvh-terraform-1.15.8",
              "default": true
            }
          ],
          "store_path": "/nix/store/vc2im345qlr9crvb7wl7a6xcca49jlvh-terraform-1.15.8"
        }
      }
    }
  }
}
