{
  "lockfile_version": "1",
  "packages": {
    "awscli2@latest": {
      "last_modified": "2026-04-16T08:46:55Z",
      "resolved": "github:NixOS/nixpkgs/b86751bc4085f48661017fa226dee99fab6c651b#awscli2",
      "source": "devbox-search",
      "version": "2.34.24",
      "systems": {
        "aarch64-darwin": {
          "outputs": [
            {
              "name": "out",
              "path": "/nix/store/qkzc0i6cwxdv7x8h1ccn0k3j42s7lk70-awscli2-2.34.24",
              "default": true
            },
            {
              "name": "dist",
              "path": "/nix/store/a3mr70rzycxf5j7l9nm7rwnfk2j8nclx-awscli2-2.34.24-dist"
            }
          ],
          "store_path": "/nix/store/qkzc0i6cwxdv7x8h1ccn0k3j42s7lk70-awscli2-2.34.24"
        },
        "aarch64-linux": {
          "outputs": [
            {
              "name": "out",
              "path": "/nix/store/n658q1fdfdn4qhx8fv3xqjd1ll591swi-awscli2-2.34.24",
              "default": true
            },
            {
              "name": "dist",
              "path": "/nix/store/bjvf546aspgajkj915hclkavzx6z5npm-awscli2-2.34.24-dist"
            }
          ],
          "store_path": "/nix/store/n658q1fdfdn4qhx8fv3xqjd1ll591swi-awscli2-2.34.24"
        },
        "x86_64-darwin": {
          "outputs": [
            {
              "name": "out",
              "path": "/nix/store/i7sbfqly4gz1fl0kcm5mi4kv8i8mliyw-awscli2-2.34.24",
              "default": true
            },
            {
              "name": "dist",
              "path": "/nix/store/gv7c1p2isrb3w84xcph7gbnlsjwbf95c-awscli2-2.34.24-dist"
            }
          ],
          "store_path": "/nix/store/i7sbfqly4gz1fl0kcm5mi4kv8i8mliyw-awscli2-2.34.24"
        },
        "x86_64-linux": {
          "outputs": [
            {
              "name": "out",
              "path": "/nix/store/vzhhq102i6jcqv8h6p8a16ajvrl6id6j-awscli2-2.34.24",
              "default": true
            },
            {
              "name": "dist",
              "path": "/nix/store/5qgww9qa4sgcxqmkqyr1bfk0phrz156d-awscli2-2.34.24-dist"
            }
          ],
          "store_path": "/nix/store/vzhhq102i6jcqv8h6p8a16ajvrl6id6j-awscli2-2.34.24"
        }
      }
    },
    "github:NixOS/nixpkgs/nixpkgs-unstable": {
      "last_modified": "2025-10-16T06:36:44Z",
      "resolved": "github:NixOS/nixpkgs/3cbe716e2346710d6e1f7c559363d14e11c32a43?lastModified=1760596604&narHash=sha256-J%2Fi5K6AAz%2Fy5dBePHQOuzC7MbhyTOKsd%2FGLezSbEFiM%3D"
    },
    "helm@0.9.0": {
      "last_modified": "2025-10-07T08:41:47Z",
      "resolved": "github:NixOS/nixpkgs/bce5fe2bb998488d8e7e7856315f90496723793c#helm",
      "source": "devbox-search",
      "version": "0.9.0",
      "systems": {
        "aarch64-linux": {
          "outputs": [
            {
              "name": "out",
              "path": "/nix/store/bipp93ab9hpzd7xf3k34fm65a49r9j6p-helm-0.9.0",
              "default": true
            }
          ],
          "store_path": "/nix/store/bipp93ab9hpzd7xf3k34fm65a49r9j6p-helm-0.9.0"
        },
        "x86_64-linux": {
          "outputs": [
            {
              "name": "out",
              "path": "/nix/store/wb74582zb06mpjsxq85anawn693sn9ah-helm-0.9.0",
              "default": true
            }
          ],
          "store_path": "/nix/store/wb74582zb06mpjsxq85anawn693sn9ah-helm-0.9.0"
        }
      }
    },
    "kubectl@1.36.1": {
      "last_modified": "2026-05-21T08:15:18Z",
      "resolved": "github:NixOS/nixpkgs/4a29d733e8a7d5b824c3d8c958a946a9867b3eb2#kubectl",
      "source": "devbox-search",
      "version": "1.36.1",
      "systems": {
        "aarch64-darwin": {
          "outputs": [
            {
              "name": "out",
              "path": "/nix/store/bayrw2infwx1kwsm7sbl7w7a4irb9xik-kubectl-1.36.1",
              "default": true
            },
            {
              "name": "man",
              "path": "/nix/store/4dncnmrgkz3cym4yyyfm0v8ajd98ij4k-kubectl-1.36.1-man",
              "default": true
            },
            {
              "name": "convert",
              "path": "/nix/store/7k4n6fpadgmd0is7az9snbmilv4igzcl-kubectl-1.36.1-convert"
            }
          ],
          "store_path": "/nix/store/bayrw2infwx1kwsm7sbl7w7a4irb9xik-kubectl-1.36.1"
        },
        "aarch64-linux": {
          "outputs": [
            {
              "name": "out",
              "path": "/nix/store/fjdhpd9i7122m1y1pvcpdalgspxmbald-kubectl-1.36.1",
              "default": true
            },
            {
              "name": "man",
              "path": "/nix/store/yq1yk6mx67s5m752xjr2yl6c1axkgqh1-kubectl-1.36.1-man",
              "default": true
            },
            {
              "name": "convert",
              "path": "/nix/store/kac9kz46wfklva8f850mshsdn8g4w4ps-kubectl-1.36.1-convert"
            }
          ],
          "store_path": "/nix/store/fjdhpd9i7122m1y1pvcpdalgspxmbald-kubectl-1.36.1"
        },
        "x86_64-darwin": {
          "outputs": [
            {
              "name": "out",
              "path": "/nix/store/d62il2034cjb2nfpvmfq31xr1mc4f3f1-kubectl-1.36.1",
              "default": true
            },
            {
              "name": "man",
              "path": "/nix/store/vlvri51s9l4dhi9v606arnbskd8ppsnr-kubectl-1.36.1-man",
              "default": true
            },
            {
              "name": "convert",
              "path": "/nix/store/pagdn4glxvcin2jdvfr4s2jmv5sf7b8v-kubectl-1.36.1-convert"
            }
          ],
          "store_path": "/nix/store/d62il2034cjb2nfpvmfq31xr1mc4f3f1-kubectl-1.36.1"
        },
        "x86_64-linux": {
          "outputs": [
            {
              "name": "out",
              "path": "/nix/store/hpxrpfnk0cdij0vwq0djimy9dcjl22vd-kubectl-1.36.1",
              "default": true
            },
            {
              "name": "man",
              "path": "/nix/store/wln7k2l3lglmzmaxc5s3ycbzdc793vdv-kubectl-1.36.1-man",
              "default": true
            },
            {
              "name": "convert",
              "path": "/nix/store/pajisc6xx344n31bklar8r04a395x7ws-kubectl-1.36.1-convert"
            }
          ],
          "store_path": "/nix/store/hpxrpfnk0cdij0vwq0djimy9dcjl22vd-kubectl-1.36.1"
        }
      }
    },
    "terraform@1.15.6": {
      "last_modified": "2026-06-12T12:41:42Z",
      "resolved": "github:NixOS/nixpkgs/49a4bd0573c376468dd7996ddb6f9fa31d8c4d97#terraform",
      "source": "devbox-search",
      "version": "1.15.6",
      "systems": {
        "aarch64-darwin": {
          "outputs": [
            {
              "name": "out",
              "path": "/nix/store/lcygf60frsrdkhkkwxicbdnap2b93akj-terraform-1.15.6",
              "default": true
            }
          ],
          "store_path": "/nix/store/lcygf60frsrdkhkkwxicbdnap2b93akj-terraform-1.15.6"
        },
        "aarch64-linux": {
          "outputs": [
            {
              "name": "out",
              "path": "/nix/store/d01xhqxihnifl76l3m0klhqlxg2sg15p-terraform-1.15.6",
              "default": true
            }
          ],
          "store_path": "/nix/store/d01xhqxihnifl76l3m0klhqlxg2sg15p-terraform-1.15.6"
        },
        "x86_64-darwin": {
          "outputs": [
            {
              "name": "out",
              "path": "/nix/store/ycdi2c04yi0k5j4s8a96ik3jw9x3vwyk-terraform-1.15.6",
              "default": true
            }
          ],
          "store_path": "/nix/store/ycdi2c04yi0k5j4s8a96ik3jw9x3vwyk-terraform-1.15.6"
        },
        "x86_64-linux": {
          "outputs": [
            {
              "name": "out",
              "path": "/nix/store/64f9yzciy6xb6k3r9mr0i9kg5kyjv2nn-terraform-1.15.6",
              "default": true
            }
          ],
          "store_path": "/nix/store/64f9yzciy6xb6k3r9mr0i9kg5kyjv2nn-terraform-1.15.6"
        }
      }
    }
  }
}
